
Microsoft Visual Studio Solution File, Format Version 12.00
Project("{2150E333-8FDC-42A3-9474-1A3956D46DE8}") = "src", "src", "{55F3811A-FBDD-4AEF-B690-E761E0A1D86F}"
EndProject
Project("{2150E333-8FDC-42A3-9474-1A3956D46DE8}") = "shared", "shared", "{F995AD9D-22B6-4425-9383-BE469755B730}"
EndProject
Project("{FAE04EC0-301F-11D3-BF4B-00C04F79EFBC}") = "PackIT.Domain", "PackIT.Domain\PackIT.Domain.csproj", "{83631884-2EE1-4859-B822-06953DA40BFA}"
EndProject
Project("{FAE04EC0-301F-11D3-BF4B-00C04F79EFBC}") = "PackIT.Application", "PackIT.Application\PackIT.Application.csproj", "{A46211B3-C1A2-4A60-994E-8A9AC5F0BB47}"
EndProject
Project("{FAE04EC0-301F-11D3-BF4B-00C04F79EFBC}") = "PackIT.Infrastructure", "PackIT.Infrastructure\PackIT.Infrastructure.csproj", "{7A0D3C47-DACA-4388-8F04-BFE3AFA37932}"
EndProject
Project("{FAE04EC0-301F-11D3-BF4B-00C04F79EFBC}") = "PackIT.Api", "PackIT.Api\PackIT.Api.csproj", "{378B26FB-27E3-4593-A5C5-BEA3C7A86B8F}"
EndProject
Project("{FAE04EC0-301F-11D3-BF4B-00C04F79EFBC}") = "PackIT.Shared.Abstractions", "PackIT.Shared.Abstractions\PackIT.Shared.Abstractions.csproj", "{86C5FCF1-2BCE-47C2-A001-2F8FF102B87D}"
EndProject
Global
	GlobalSection(SolutionConfigurationPlatforms) = preSolution
		Debug|Any CPU = Debug|Any CPU
		Release|Any CPU = Release|Any CPU
	EndGlobalSection
	GlobalSection(NestedProjects) = preSolution
		{F995AD9D-22B6-4425-9383-BE469755B730} = {55F3811A-FBDD-4AEF-B690-E761E0A1D86F}
		{83631884-2EE1-4859-B822-06953DA40BFA} = {55F3811A-FBDD-4AEF-B690-E761E0A1D86F}
		{A46211B3-C1A2-4A60-994E-8A9AC5F0BB47} = {55F3811A-FBDD-4AEF-B690-E761E0A1D86F}
		{7A0D3C47-DACA-4388-8F04-BFE3AFA37932} = {55F3811A-FBDD-4AEF-B690-E761E0A1D86F}
		{378B26FB-27E3-4593-A5C5-BEA3C7A86B8F} = {55F3811A-FBDD-4AEF-B690-E761E0A1D86F}
		{86C5FCF1-2BCE-47C2-A001-2F8FF102B87D} = {F995AD9D-22B6-4425-9383-BE469755B730}
	EndGlobalSection
	GlobalSection(ProjectConfigurationPlatforms) = postSolution
		{83631884-2EE1-4859-B822-06953DA40BFA}.Debug|Any CPU.ActiveCfg = Debug|Any CPU
		{83631884-2EE1-4859-B822-06953DA40BFA}.Debug|Any CPU.Build.0 = Debug|Any CPU
		{83631884-2EE1-4859-B822-06953DA40BFA}.Release|Any CPU.ActiveCfg = Release|Any CPU
		{83631884-2EE1-4859-B822-06953DA40BFA}.Release|Any CPU.Build.0 = Release|Any CPU
		{A46211B3-C1A2-4A60-994E-8A9AC5F0BB47}.Debug|Any CPU.ActiveCfg = Debug|Any CPU
		{A46211B3-C1A2-4A60-994E-8A9AC5F0BB47}.Debug|Any CPU.Build.0 = Debug|Any CPU
		{A46211B3-C1A2-4A60-994E-8A9AC5F0BB47}.Release|Any CPU.ActiveCfg = Release|Any CPU
		{A46211B3-C1A2-4A60-994E-8A9AC5F0BB47}.Release|Any CPU.Build.0 = Release|Any CPU
		{7A0D3C47-DACA-4388-8F04-BFE3AFA37932}.Debug|Any CPU.ActiveCfg = Debug|Any CPU
		{7A0D3C47-DACA-4388-8F04-BFE3AFA37932}.Debug|Any CPU.Build.0 = Debug|Any CPU
		{7A0D3C47-DACA-4388-8F04-BFE3AFA37932}.Release|Any CPU.ActiveCfg = Release|Any CPU
		{7A0D3C47-DACA-4388-8F04-BFE3AFA37932}.Release|Any CPU.Build.0 = Release|Any CPU
		{378B26FB-27E3-4593-A5C5-BEA3C7A86B8F}.Debug|Any CPU.ActiveCfg = Debug|Any CPU
		{378B26FB-27E3-4593-A5C5-BEA3C7A86B8F}.Debug|Any CPU.Build.0 = Debug|Any CPU
		{378B26FB-27E3-4593-A5C5-BEA3C7A86B8F}.Release|Any CPU.ActiveCfg = Release|Any CPU
		{378B26FB-27E3-4593-A5C5-BEA3C7A86B8F}.Release|Any CPU.Build.0 = Release|Any CPU
		{86C5FCF1-2BCE-47C2-A001-2F8FF102B87D}.Debug|Any CPU.ActiveCfg = Debug|Any CPU
		{86C5FCF1-2BCE-47C2-A001-2F8FF102B87D}.Debug|Any CPU.Build.0 = Debug|Any CPU
		{86C5FCF1-2BCE-47C2-A001-2F8FF102B87D}.Release|Any CPU.ActiveCfg = Release|Any CPU
		{86C5FCF1-2BCE-47C2-A001-2F8FF102B87D}.Release|Any CPU.Build.0 = Release|Any CPU
	EndGlobalSection
EndGlobal
